
Microsoft Visual Studio Solution File, Format Version 12.00
# Visual Studio Version 16
VisualStudioVersion = 16.0.30104.148
MinimumVisualStudioVersion = 10.0.40219.1
Project("{FAE04EC0-301F-11D3-BF4B-00C04F79EFBC}") = "T1907A", "T1907A\T1907A.csproj", "{4805F8DF-59C6-4D58-9A5C-16F0CA16ED0B}"
EndProject
Project("{FAE04EC0-301F-11D3-BF4B-00C04F79EFBC}") = "Food", "D:\asp.net\Ki3Mon1\Food\Food.csproj", "{9220A6D2-AA11-45F7-AF93-76C4F1214062}"
EndProject
Project("{FAE04EC0-301F-11D3-BF4B-00C04F79EFBC}") = "Food2", "Food2\Food2.csproj", "{A4ADD463-C63C-419E-BC4E-7637CD405CF2}"
EndProject
Project("{FAE04EC0-301F-11D3-BF4B-00C04F79EFBC}") = "Food3", "Food3\Food3.csproj", "{15EEE7D1-8B59-43EA-9F33-899601A7C758}"
EndProject
Project("{FAE04EC0-301F-11D3-BF4B-00C04F79EFBC}") = "Weather", "Weather\Weather.csproj", "{AF447C02-73FC-49C1-9F9A-93893C64C1F5}"
EndProject
Global
	GlobalSection(SolutionConfigurationPlatforms) = preSolution
		Debug|ARM = Debug|ARM
		Debug|ARM64 = Debug|ARM64
		Debug|x64 = Debug|x64
		Debug|x86 = Debug|x86
		Release|ARM = Release|ARM
		Release|ARM64 = Release|ARM64
		Release|x64 = Release|x64
		Release|x86 = Release|x86
	EndGlobalSection
	GlobalSection(ProjectConfigurationPlatforms) = postSolution
		{4805F8DF-59C6-4D58-9A5C-16F0CA16ED0B}.Debug|ARM.ActiveCfg = Debug|ARM
		{4805F8DF-59C6-4D58-9A5C-16F0CA16ED0B}.Debug|ARM.Build.0 = Debug|ARM
		{4805F8DF-59C6-4D58-9A5C-16F0CA16ED0B}.Debug|ARM.Deploy.0 = Debug|ARM
		{4805F8DF-59C6-4D58-9A5C-16F0CA16ED0B}.Debug|ARM64.ActiveCfg = Debug|ARM64
		{4805F8DF-59C6-4D58-9A5C-16F0CA16ED0B}.Debug|ARM64.Build.0 = Debug|ARM64
		{4805F8DF-59C6-4D58-9A5C-16F0CA16ED0B}.Debug|ARM64.Deploy.0 = Debug|ARM64
		{4805F8DF-59C6-4D58-9A5C-16F0CA16ED0B}.Debug|x64.ActiveCfg = Debug|x64
		{4805F8DF-59C6-4D58-9A5C-16F0CA16ED0B}.Debug|x64.Build.0 = Debug|x64
		{4805F8DF-59C6-4D58-9A5C-16F0CA16ED0B}.Debug|x64.Deploy.0 = Debug|x64
		{4805F8DF-59C6-4D58-9A5C-16F0CA16ED0B}.Debug|x86.ActiveCfg = Debug|x86
		{4805F8DF-59C6-4D58-9A5C-16F0CA16ED0B}.Debug|x86.Build.0 = Debug|x86
		{4805F8DF-59C6-4D58-9A5C-16F0CA16ED0B}.Debug|x86.Deploy.0 = Debug|x86
		{4805F8DF-59C6-4D58-9A5C-16F0CA16ED0B}.Release|ARM.ActiveCfg = Release|ARM
		{4805F8DF-59C6-4D58-9A5C-16F0CA16ED0B}.Release|ARM.Build.0 = Release|ARM
		{4805F8DF-59C6-4D58-9A5C-16F0CA16ED0B}.Release|ARM.Deploy.0 = Release|ARM
		{4805F8DF-59C6-4D58-9A5C-16F0CA16ED0B}.Release|ARM64.ActiveCfg = Release|ARM64
		{4805F8DF-59C6-4D58-9A5C-16F0CA16ED0B}.Release|ARM64.Build.0 = Release|ARM64
		{4805F8DF-59C6-4D58-9A5C-16F0CA16ED0B}.Release|ARM64.Deploy.0 = Release|ARM64
		{4805F8DF-59C6-4D58-9A5C-16F0CA16ED0B}.Release|x64.ActiveCfg = Release|x64
		{4805F8DF-59C6-4D58-9A5C-16F0CA16ED0B}.Release|x64.Build.0 = Release|x64
		{4805F8DF-59C6-4D58-9A5C-16F0CA16ED0B}.Release|x64.Deploy.0 = Release|x64
		{4805F8DF-59C6-4D58-9A5C-16F0CA16ED0B}.Release|x86.ActiveCfg = Release|x86
		{4805F8DF-59C6-4D58-9A5C-16F0CA16ED0B}.Release|x86.Build.0 = Release|x86
		{4805F8DF-59C6-4D58-9A5C-16F0CA16ED0B}.Release|x86.Deploy.0 = Release|x86
		{9220A6D2-AA11-45F7-AF93-76C4F1214062}.Debug|ARM.ActiveCfg = Debug|ARM
		{9220A6D2-AA11-45F7-AF93-76C4F1214062}.Debug|ARM.Build.0 = Debug|ARM
		{9220A6D2-AA11-45F7-AF93-76C4F1214062}.Debug|ARM.Deploy.0 = Debug|ARM
		{9220A6D2-AA11-45F7-AF93-76C4F1214062}.Debug|ARM64.ActiveCfg = Debug|ARM64
		{9220A6D2-AA11-45F7-AF93-76C4F1214062}.Debug|ARM64.Build.0 = Debug|ARM64
		{9220A6D2-AA11-45F7-AF93-76C4F1214062}.Debug|ARM64.Deploy.0 = Debug|ARM64
		{9220A6D2-AA11-45F7-AF93-76C4F1214062}.Debug|x64.ActiveCfg = Debug|x64
		{9220A6D2-AA11-45F7-AF93-76C4F1214062}.Debug|x64.Build.0 = Debug|x64
		{9220A6D2-AA11-45F7-AF93-76C4F1214062}.Debug|x64.Deploy.0 = Debug|x64
		{9220A6D2-AA11-45F7-AF93-76C4F1214062}.Debug|x86.ActiveCfg = Debug|x86
		{9220A6D2-AA11-45F7-AF93-76C4F1214062}.Debug|x86.Build.0 = Debug|x86
		{9220A6D2-AA11-45F7-AF93-76C4F1214062}.Debug|x86.Deploy.0 = Debug|x86
		{9220A6D2-AA11-45F7-AF93-76C4F1214062}.Release|ARM.ActiveCfg = Release|ARM
		{9220A6D2-AA11-45F7-AF93-76C4F1214062}.Release|ARM.Build.0 = Release|ARM
		{9220A6D2-AA11-45F7-AF93-76C4F1214062}.Release|ARM.Deploy.0 = Release|ARM
		{9220A6D2-AA11-45F7-AF93-76C4F1214062}.Release|ARM64.ActiveCfg = Release|ARM64
		{9220A6D2-AA11-45F7-AF93-76C4F1214062}.Release|ARM64.Build.0 = Release|ARM64
		{9220A6D2-AA11-45F7-AF93-76C4F1214062}.Release|ARM64.Deploy.0 = Release|ARM64
		{9220A6D2-AA11-45F7-AF93-76C4F1214062}.Release|x64.ActiveCfg = Release|x64
		{9220A6D2-AA11-45F7-AF93-76C4F1214062}.Release|x64.Build.0 = Release|x64
		{9220A6D2-AA11-45F7-AF93-76C4F1214062}.Release|x64.Deploy.0 = Release|x64
		{9220A6D2-AA11-45F7-AF93-76C4F1214062}.Release|x86.ActiveCfg = Release|x86
		{9220A6D2-AA11-45F7-AF93-76C4F1214062}.Release|x86.Build.0 = Release|x86
		{9220A6D2-AA11-45F7-AF93-76C4F1214062}.Release|x86.Deploy.0 = Release|x86
		{A4ADD463-C63C-419E-BC4E-7637CD405CF2}.Debug|ARM.ActiveCfg = Debug|ARM
		{A4ADD463-C63C-419E-BC4E-7637CD405CF2}.Debug|ARM.Build.0 = Debug|ARM
		{A4ADD463-C63C-419E-BC4E-7637CD405CF2}.Debug|ARM.Deploy.0 = Debug|ARM
		{A4ADD463-C63C-419E-BC4E-7637CD405CF2}.Debug|ARM64.ActiveCfg = Debug|ARM64
		{A4ADD463-C63C-419E-BC4E-7637CD405CF2}.Debug|ARM64.Build.0 = Debug|ARM64
		{A4ADD463-C63C-419E-BC4E-7637CD405CF2}.Debug|ARM64.Deploy.0 = Debug|ARM64
		{A4ADD463-C63C-419E-BC4E-7637CD405CF2}.Debug|x64.ActiveCfg = Debug|x64
		{A4ADD463-C63C-419E-BC4E-7637CD405CF2}.Debug|x64.Build.0 = Debug|x64
		{A4ADD463-C63C-419E-BC4E-7637CD405CF2}.Debug|x64.Deploy.0 = Debug|x64
		{A4ADD463-C63C-419E-BC4E-7637CD405CF2}.Debug|x86.ActiveCfg = Debug|x86
		{A4ADD463-C63C-419E-BC4E-7637CD405CF2}.Debug|x86.Build.0 = Debug|x86
		{A4ADD463-C63C-419E-BC4E-7637CD405CF2}.Debug|x86.Deploy.0 = Debug|x86
		{A4ADD463-C63C-419E-BC4E-7637CD405CF2}.Release|ARM.ActiveCfg = Release|ARM
		{A4ADD463-C63C-419E-BC4E-7637CD405CF2}.Release|ARM.Build.0 = Release|ARM
		{A4ADD463-C63C-419E-BC4E-7637CD405CF2}.Release|ARM.Deploy.0 = Release|ARM
		{A4ADD463-C63C-419E-BC4E-7637CD405CF2}.Release|ARM64.ActiveCfg = Release|ARM64
		{A4ADD463-C63C-419E-BC4E-7637CD405CF2}.Release|ARM64.Build.0 = Release|ARM64
		{A4ADD463-C63C-419E-BC4E-7637CD405CF2}.Release|ARM64.Deploy.0 = Release|ARM64
		{A4ADD463-C63C-419E-BC4E-7637CD405CF2}.Release|x64.ActiveCfg = Release|x64
		{A4ADD463-C63C-419E-BC4E-7637CD405CF2}.Release|x64.Build.0 = Release|x64
		{A4ADD463-C63C-419E-BC4E-7637CD405CF2}.Release|x64.Deploy.0 = Release|x64
		{A4ADD463-C63C-419E-BC4E-7637CD405CF2}.Release|x86.ActiveCfg = Release|x86
		{A4ADD463-C63C-419E-BC4E-7637CD405CF2}.Release|x86.Build.0 = Release|x86
		{A4ADD463-C63C-419E-BC4E-7637CD405CF2}.Release|x86.Deploy.0 = Release|x86
		{15EEE7D1-8B59-43EA-9F33-899601A7C758}.Debug|ARM.ActiveCfg = Debug|ARM
		{15EEE7D1-8B59-43EA-9F33-899601A7C758}.Debug|ARM.Build.0 = Debug|ARM
		{15EEE7D1-8B59-43EA-9F33-899601A7C758}.Debug|ARM.Deploy.0 = Debug|ARM
		{15EEE7D1-8B59-43EA-9F33-899601A7C758}.Debug|ARM64.ActiveCfg = Debug|ARM64
		{15EEE7D1-8B59-43EA-9F33-899601A7C758}.Debug|ARM64.Build.0 = Debug|ARM64
		{15EEE7D1-8B59-43EA-9F33-899601A7C758}.Debug|ARM64.Deploy.0 = Debug|ARM64
		{15EEE7D1-8B59-43EA-9F33-899601A7C758}.Debug|x64.ActiveCfg = Debug|x64
		{15EEE7D1-8B59-43EA-9F33-899601A7C758}.Debug|x64.Build.0 = Debug|x64
		{15EEE7D1-8B59-43EA-9F33-899601A7C758}.Debug|x64.Deploy.0 = Debug|x64
		{15EEE7D1-8B59-43EA-9F33-899601A7C758}.Debug|x86.ActiveCfg = Debug|x86
		{15EEE7D1-8B59-43EA-9F33-899601A7C758}.Debug|x86.Build.0 = Debug|x86
		{15EEE7D1-8B59-43EA-9F33-899601A7C758}.Debug|x86.Deploy.0 = Debug|x86
		{15EEE7D1-8B59-43EA-9F33-899601A7C758}.Release|ARM.ActiveCfg = Release|ARM
		{15EEE7D1-8B59-43EA-9F33-899601A7C758}.Release|ARM.Build.0 = Release|ARM
		{15EEE7D1-8B59-43EA-9F33-899601A7C758}.Release|ARM.Deploy.0 = Release|ARM
		{15EEE7D1-8B59-43EA-9F33-899601A7C758}.Release|ARM64.ActiveCfg = Release|ARM64
		{15EEE7D1-8B59-43EA-9F33-899601A7C758}.Release|ARM64.Build.0 = Release|ARM64
		{15EEE7D1-8B59-43EA-9F33-899601A7C758}.Release|ARM64.Deploy.0 = Release|ARM64
		{15EEE7D1-8B59-43EA-9F33-899601A7C758}.Release|x64.ActiveCfg = Release|x64
		{15EEE7D1-8B59-43EA-9F33-899601A7C758}.Release|x64.Build.0 = Release|x64
		{15EEE7D1-8B59-43EA-9F33-899601A7C758}.Release|x64.Deploy.0 = Release|x64
		{15EEE7D1-8B59-43EA-9F33-899601A7C758}.Release|x86.ActiveCfg = Release|x86
		{15EEE7D1-8B59-43EA-9F33-899601A7C758}.Release|x86.Build.0 = Release|x86
		{15EEE7D1-8B59-43EA-9F33-899601A7C758}.Release|x86.Deploy.0 = Release|x86
		{AF447C02-73FC-49C1-9F9A-93893C64C1F5}.Debug|ARM.ActiveCfg = Debug|ARM
		{AF447C02-73FC-49C1-9F9A-93893C64C1F5}.Debug|ARM.Build.0 = Debug|ARM
		{AF447C02-73FC-49C1-9F9A-93893C64C1F5}.Debug|ARM.Deploy.0 = Debug|ARM
		{AF447C02-73FC-49C1-9F9A-93893C64C1F5}.Debug|ARM64.ActiveCfg = Debug|ARM64
		{AF447C02-73FC-49C1-9F9A-93893C64C1F5}.Debug|ARM64.Build.0 = Debug|ARM64
		{AF447C02-73FC-49C1-9F9A-93893C64C1F5}.Debug|ARM64.Deploy.0 = Debug|ARM64
		{AF447C02-73FC-49C1-9F9A-93893C64C1F5}.Debug|x64.ActiveCfg = Debug|x64
		{AF447C02-73FC-49C1-9F9A-93893C64C1F5}.Debug|x64.Build.0 = Debug|x64
		{AF447C02-73FC-49C1-9F9A-93893C64C1F5}.Debug|x64.Deploy.0 = Debug|x64
		{AF447C02-73FC-49C1-9F9A-93893C64C1F5}.Debug|x86.ActiveCfg = Debug|x86
		{AF447C02-73FC-49C1-9F9A-93893C64C1F5}.Debug|x86.Build.0 = Debug|x86
		{AF447C02-73FC-49C1-9F9A-93893C64C1F5}.Debug|x86.Deploy.0 = Debug|x86
		{AF447C02-73FC-49C1-9F9A-93893C64C1F5}.Release|ARM.ActiveCfg = Release|ARM
		{AF447C02-73FC-49C1-9F9A-93893C64C1F5}.Release|ARM.Build.0 = Release|ARM
		{AF447C02-73FC-49C1-9F9A-93893C64C1F5}.Release|ARM.Deploy.0 = Release|ARM
		{AF447C02-73FC-49C1-9F9A-93893C64C1F5}.Release|ARM64.ActiveCfg = Release|ARM64
		{AF447C02-73FC-49C1-9F9A-93893C64C1F5}.Release|ARM64.Build.0 = Release|ARM64
		{AF447C02-73FC-49C1-9F9A-93893C64C1F5}.Release|ARM64.Deploy.0 = Release|ARM64
		{AF447C02-73FC-49C1-9F9A-93893C64C1F5}.Release|x64.ActiveCfg = Release|x64
		{AF447C02-73FC-49C1-9F9A-93893C64C1F5}.Release|x64.Build.0 = Release|x64
		{AF447C02-73FC-49C1-9F9A-93893C64C1F5}.Release|x64.Deploy.0 = Release|x64
		{AF447C02-73FC-49C1-9F9A-93893C64C1F5}.Release|x86.ActiveCfg = Release|x86
		{AF447C02-73FC-49C1-9F9A-93893C64C1F5}.Release|x86.Build.0 = Release|x86
		{AF447C02-73FC-49C1-9F9A-93893C64C1F5}.Release|x86.Deploy.0 = Release|x86
	EndGlobalSection
	GlobalSection(SolutionProperties) = preSolution
		HideSolutionNode = FALSE
	EndGlobalSection
	GlobalSection(ExtensibilityGlobals) = postSolution
		SolutionGuid = {980CDBF7-9AB0-48EF-8BFE-5ED3CAD4D963}
	EndGlobalSection
EndGlobal
